// !$*UTF8*$!
{
	archiveVersion = 1;
	classes = {
	};
	objectVersion = 46;
	objects = {

/* Begin PBXBuildFile section */
		41E25CF51D52B58B00EC83D3 /* AppDelegate.swift in Sources */ = {isa = PBXBuildFile; fileRef = 41E25CF41D52B58B00EC83D3 /* AppDelegate.swift */; };
		41E25CF71D52B58B00EC83D3 /* ViewController.swift in Sources */ = {isa = PBXBuildFile; fileRef = 41E25CF61D52B58B00EC83D3 /* ViewController.swift */; };
		41E25CFA1D52B58B00EC83D3 /* Main.storyboard in Resources */ = {isa = PBXBuildFile; fileRef = 41E25CF81D52B58B00EC83D3 /* Main.storyboard */; };
		41E25CFC1D52B58B00EC83D3 /* Assets.xcassets in Resources */ = {isa = PBXBuildFile; fileRef = 41E25CFB1D52B58B00EC83D3 /* Assets.xcassets */; };
		41E25CFF1D52B58B00EC83D3 /* LaunchScreen.storyboard in Resources */ = {isa = PBXBuildFile; fileRef = 41E25CFD1D52B58B00EC83D3 /* LaunchScreen.storyboard */; };
/* End PBXBuildFile section */

/* Begin PBXFileReference section */
		41E25CF11D52B58B00EC83D3 /* WeatherApp.app */ = {isa = PBXFileReference; explicitFileType = wrapper.application; includeInIndex = 0; path = WeatherApp.app; sourceTree = BUILT_PRODUCTS_DIR; };
		41E25CF41D52B58B00EC83D3 /* AppDelegate.swift */ = {isa = PBXFileReference; lastKnownFileType = sourcecode.swift; path = AppDelegate.swift; sourceTree = "<group>"; };
		41E25CF61D52B58B00EC83D3 /* ViewController.swift */ = {isa = PBXFileReference; lastKnownFileType = sourcecode.swift; path = ViewController.swift; sourceTree = "<group>"; };
		41E25CF91D52B58B00EC83D3 /* Base */ = {isa = PBXFileReference; lastKnownFileType = file.storyboard; name = Base; path = Base.lproj/Main.storyboard; sourceTree = "<group>"; };
		41E25CFB1D52B58B00EC83D3 /* Assets.xcassets */ = {isa = PBXFileReference; lastKnownFileType = folder.assetcatalog; path = Assets.xcassets; sourceTree = "<group>"; };
		41E25CFE1D52B58B00EC83D3 /* Base */ = {isa = PBXFileReference; lastKnownFileType = file.storyboard; name = Base; path = Base.lproj/LaunchScreen.storyboard; sourceTree = "<group>"; };
		41E25D001D52B58B00EC83D3 /* Info.plist */ = {isa = PBXFileReference; lastKnownFileType = text.plist.xml; path = Info.plist; sourceTree = "<group>"; };
/* End PBXFileReference section */

/* Begin PBXFrameworksBuildPhase section */
		41E25CEE1D52B58B00EC83D3 /* Frameworks */ = {
			isa = PBXFrameworksBuildPhase;
			buildActionMask = 2147483647;
			files = (
			);
			runOnlyForDeploymentPostprocessing = 0;
		};
/* End PBXFrameworksBuildPhase section */

/* Begin PBXGroup section */
		41E25CE81D52B58B00EC83D3 = {
			isa = PBXGroup;
			children = (
				41E25CF31D52B58B00EC83D3 /* WeatherApp */,
				41E25CF21D52B58B00EC83D3 /* Products */,
			);
			sourceTree = "<group>";
		};
		41E25CF21D52B58B00EC83D3 /* Products */ = {
			isa = PBXGroup;
			children = (
				41E25CF11D52B58B00EC83D3 /* WeatherApp.app */,
			);
			name = Products;
			sourceTree = "<group>";
		};
		41E25CF31D52B58B00EC83D3 /* WeatherApp */ = {
			isa = PBXGroup;
			children = (
				41E25CF41D52B58B00EC83D3 /* AppDelegate.swift */,
				41E25CF61D52B58B00EC83D3 /* ViewController.swift */,
				41E25CF81D52B58B00EC83D3 /* Main.storyboard */,
				41E25CFB1D52B58B00EC83D3 /* Assets.xcassets */,
				41E25CFD1D52B58B00EC83D3 /* LaunchScreen.storyboard */,
				41E25D001D52B58B00EC83D3 /* Info.plist */,
			);
			path = WeatherApp;
			sourceTree = "<group>";
		};
/* End PBXGroup section */

/* Begin PBXNativeTarget section */
		41E25CF01D52B58B00EC83D3 /* WeatherApp */ = {
			isa = PBXNativeTarget;
			buildConfigurationList = 41E25D031D52B58B00EC83D3 /* Build configuration list for PBXNativeTarget "WeatherApp" */;
			buildPhases = (
				41E25CED1D52B58B00EC83D3 /* Sources */,
				41E25CEE1D52B58B00EC83D3 /* Frameworks */,
				41E25CEF1D52B58B00EC83D3 /* Resources */,
			);
			buildRules = (
			);
			dependencies = (
			);
			name = WeatherApp;
			productName = WeatherApp;
			productReference = 41E25CF11D52B58B00EC83D3 /* WeatherApp.app */;
			productType = "com.apple.product-type.application";
		};
/* End PBXNativeTarget section */

/* Begin PBXProject section */
		41E25CE91D52B58B00EC83D3 /* Project object */ = {
			isa = PBXProject;
			attributes = {
				LastSwiftUpdateCheck = 0720;
				LastUpgradeCheck = 0720;
				ORGANIZATIONNAME = "Ali Mir";
				TargetAttributes = {
					41E25CF01D52B58B00EC83D3 = {
						CreatedOnToolsVersion = 7.2.1;
					};
				};
			};
			buildConfigurationList = 41E25CEC1D52B58B00EC83D3 /* Build configuration list for PBXProject "WeatherApp" */;
			compatibilityVersion = "Xcode 3.2";
			developmentRegion = English;
			hasScannedForEncodings = 0;
			knownRegions = (
				en,
				Base,
			);
			mainGroup = 41E25CE81D52B58B00EC83D3;
			productRefGroup = 41E25CF21D52B58B00EC83D3 /* Products */;
			projectDirPath = "";
			projectRoot = "";
			targets = (
				41E25CF01D52B58B00EC83D3 /* WeatherApp */,
			);
		};
/* End PBXProject section */

/* Begin PBXResourcesBuildPhase section */
		41E25CEF1D52B58B00EC83D3 /* Resources */ = {
			isa = PBXResourcesBuildPhase;
			buildActionMask = 2147483647;
			files = (
				41E25CFF1D52B58B00EC83D3 /* LaunchScreen.storyboard in Resources */,
				41E25CFC1D52B58B00EC83D3 /* Assets.xcassets in Resources */,
				41E25CFA1D52B58B00EC83D3 /* Main.storyboard in Resources */,
			);
			runOnlyForDeploymentPostprocessing = 0;
		};
/* End PBXResourcesBuildPhase section */

/* Begin PBXSourcesBuildPhase section */
		41E25CED1D52B58B00EC83D3 /* Sources */ = {
			isa = PBXSourcesBuildPhase;
			buildActionMask = 2147483647;
			files = (
				41E25CF71D52B58B00EC83D3 /* ViewController.swift in Sources */,
				41E25CF51D52B58B00EC83D3 /* AppDelegate.swift in Sources */,
			);
			runOnlyForDeploymentPostprocessing = 0;
		};
/* End PBXSourcesBuildPhase section */

/* Begin PBXVariantGroup section */
		41E25CF81D52B58B00EC83D3 /* Main.storyboard */ = {
			isa = PBXVariantGroup;
			children = (
				41E25CF91D52B58B00EC83D3 /* Base */,
			);
			name = Main.storyboard;
			sourceTree = "<group>";
		};
		41E25CFD1D52B58B00EC83D3 /* LaunchScreen.storyboard */ = {
			isa = PBXVariantGroup;
			children = (
				41E25CFE1D52B58B00EC83D3 /* Base */,
			);
			name = LaunchScreen.storyboard;
			sourceTree = "<group>";
		};
/* End PBXVariantGroup section */

/* Begin XCBuildConfiguration section */
		41E25D011D52B58B00EC83D3 /* Debug */ = {
			isa = XCBuildConfiguration;
			buildSettings = {
				ALWAYS_SEARCH_USER_PATHS = NO;
				CLANG_CXX_LANGUAGE_STANDARD = "gnu++0x";
				CLANG_CXX_LIBRARY = "libc++";
				CLANG_ENABLE_MODULES = YES;
				CLANG_ENABLE_OBJC_ARC = YES;
				CLANG_WARN_BOOL_CONVERSION = YES;
				CLANG_WARN_CONSTANT_CONVERSION = YES;
				CLANG_WARN_DIRECT_OBJC_ISA_USAGE = YES_ERROR;
				CLANG_WARN_EMPTY_BODY = YES;
				CLANG_WARN_ENUM_CONVERSION = YES;
				CLANG_WARN_INT_CONVERSION = YES;
				CLANG_WARN_OBJC_ROOT_CLASS = YES_ERROR;
				CLANG_WARN_UNREACHABLE_CODE = YES;
				CLANG_WARN__DUPLICATE_METHOD_MATCH = YES;
				"CODE_SIGN_IDENTITY[sdk=iphoneos*]" = "iPhone Developer";
				COPY_PHASE_STRIP = NO;
				DEBUG_INFORMATION_FORMAT = dwarf;
				ENABLE_STRICT_OBJC_MSGSEND = YES;
				ENABLE_TESTABILITY = YES;
				GCC_C_LANGUAGE_STANDARD = gnu99;
				GCC_DYNAMIC_NO_PIC = NO;
				GCC_NO_COMMON_BLOCKS = YES;
				GCC_OPTIMIZATION_LEVEL = 0;
				GCC_PREPROCESSOR_DEFINITIONS = (
					"DEBUG=1",
					"$(inherited)",
				);
				GCC_WARN_64_TO_32_BIT_CONVERSION = YES;
				GCC_WARN_ABOUT_RETURN_TYPE = YES_ERROR;
				GCC_WARN_UNDECLARED_SELECTOR = YES;
				GCC_WARN_UNINITIALIZED_AUTOS = YES_AGGRESSIVE;
				GCC_WARN_UNUSED_FUNCTION = YES;
				GCC_WARN_UNUSED_VARIABLE = YES;
				IPHONEOS_DEPLOYMENT_TARGET = 9.2;
				MTL_ENABLE_DEBUG_INFO = YES;
				ONLY_ACTIVE_ARCH = YES;
				SDKROOT = iphoneos;
				SWIFT_OPTIMIZATION_LEVEL = "-Onone";
				TARGETED_DEVICE_FAMILY = "1,2";
			};
			name = Debug;
		};
		41E25D021D52B58B00EC83D3 /* Release */ = {
			isa = XCBuildConfiguration;
			buildSettings = {
				ALWAYS_SEARCH_USER_PATHS = NO;
				CLANG_CXX_LANGUAGE_STANDARD = "gnu++0x";
				CLANG_CXX_LIBRARY = "libc++";
				CLANG_ENABLE_MODULES = YES;
				CLANG_ENABLE_OBJC_ARC = YES;
				CLANG_WARN_BOOL_CONVERSION = YES;
				CLANG_WARN_CONSTANT_CONVERSION = YES;
				CLANG_WARN_DIRECT_OBJC_ISA_USAGE = YES_ERROR;
				CLANG_WARN_EMPTY_BODY = YES;
				CLANG_WARN_ENUM_CONVERSION = YES;
				CLANG_WARN_INT_CONVERSION = YES;
				CLANG_WARN_OBJC_ROOT_CLASS = YES_ERROR;
				CLANG_WARN_UNREACHABLE_CODE = YES;
				CLANG_WARN__DUPLICATE_METHOD_MATCH = YES;
				"CODE_SIGN_IDENTITY[sdk=iphoneos*]" = "iPhone Developer";
				COPY_PHASE_STRIP = NO;
				DEBUG_INFORMATION_FORMAT = "dwarf-with-dsym";
				ENABLE_NS_ASSERTIONS = NO;
				ENABLE_STRICT_OBJC_MSGSEND = YES;
				GCC_C_LANGUAGE_STANDARD = gnu99;
				GCC_NO_COMMON_BLOCKS = YES;
				GCC_WARN_64_TO_32_BIT_CONVERSION = YES;
				GCC_WARN_ABOUT_RETURN_TYPE = YES_ERROR;
				GCC_WARN_UNDECLARED_SELECTOR = YES;
				GCC_WARN_UNINITIALIZED_AUTOS = YES_AGGRESSIVE;
				GCC_WARN_UNUSED_FUNCTION = YES;
				GCC_WARN_UNUSED_VARIABLE = YES;
				IPHONEOS_DEPLOYMENT_TARGET = 9.2;
				MTL_ENABLE_DEBUG_INFO = NO;
				SDKROOT = iphoneos;
				TARGETED_DEVICE_FAMILY = "1,2";
				VALIDATE_PRODUCT = YES;
			};
			name = Release;
		};
		41E25D041D52B58B00EC83D3 /* Debug */ = {
			isa = XCBuildConfiguration;
			buildSettings = {
				ASSETCATALOG_COMPILER_APPICON_NAME = AppIcon;
				INFOPLIST_FILE = WeatherApp/Info.plist;
				LD_RUNPATH_SEARCH_PATHS = "$(inherited) @executable_path/Frameworks";
				PRODUCT_BUNDLE_IDENTIFIER = com.alimir.WeatherApp;
				PRODUCT_NAME = "$(TARGET_NAME)";
			};
			name = Debug;
		};
		41E25D051D52B58B00EC83D3 /* Release */ = {
			isa = XCBuildConfiguration;
			buildSettings = {
				ASSETCATALOG_COMPILER_APPICON_NAME = AppIcon;
				INFOPLIST_FILE = WeatherApp/Info.plist;
				LD_RUNPATH_SEARCH_PATHS = "$(inherited) @executable_path/Frameworks";
				PRODUCT_BUNDLE_IDENTIFIER = com.alimir.WeatherApp;
				PRODUCT_NAME = "$(TARGET_NAME)";
			};
			name = Release;
		};
/* End XCBuildConfiguration section */

/* Begin XCConfigurationList section */
		41E25CEC1D52B58B00EC83D3 /* Build configuration list for PBXProject "WeatherApp" */ = {
			isa = XCConfigurationList;
			buildConfigurations = (
				41E25D011D52B58B00EC83D3 /* Debug */,
				41E25D021D52B58B00EC83D3 /* Release */,
			);
			defaultConfigurationIsVisible = 0;
			defaultConfigurationName = Release;
		};
		41E25D031D52B58B00EC83D3 /* Build configuration list for PBXNativeTarget "WeatherApp" */ = {
			isa = XCConfigurationList;
			buildConfigurations = (
				41E25D041D52B58B00EC83D3 /* Debug */,
				41E25D051D52B58B00EC83D3 /* Release */,
			);
			defaultConfigurationIsVisible = 0;
		};
/* End XCConfigurationList section */
	};
	rootObject = 41E25CE91D52B58B00EC83D3 /* Project object */;
}
